
Microsoft Visual Studio Solution File, Format Version 12.00
# Visual Studio 2013
VisualStudioVersion = 12.0.30723.0
MinimumVisualStudioVersion = 10.0.40219.1
Project("{FAE04EC0-301F-11D3-BF4B-00C04F79EFBC}") = "BlockingDataflowmessagePipe", "BlockingDataflowmessagePipe\BlockingDataflowmessagePipe.csproj", "{01FA6F51-7FA1-457D-A089-899E5D6BC5E4}"
EndProject
Project("{2150E333-8FDC-42A3-9474-1A3956D46DE8}") = ".nuget", ".nuget", "{B58E8BAA-1DE1-453C-8A68-27735A7DCE6E}"
	ProjectSection(SolutionItems) = preProject
		.nuget\NuGet.Config = .nuget\NuGet.Config
		.nuget\NuGet.exe = .nuget\NuGet.exe
		.nuget\NuGet.targets = .nuget\NuGet.targets
	EndProjectSection
EndProject
Global
	GlobalSection(SolutionConfigurationPlatforms) = preSolution
		Debug|Any CPU = Debug|Any CPU
		Release|Any CPU = Release|Any CPU
	EndGlobalSection
	GlobalSection(ProjectConfigurationPlatforms) = postSolution
		{01FA6F51-7FA1-457D-A089-899E5D6BC5E4}.Debug|Any CPU.ActiveCfg = Debug|Any CPU
		{01FA6F51-7FA1-457D-A089-899E5D6BC5E4}.Debug|Any CPU.Build.0 = Debug|Any CPU
		{01FA6F51-7FA1-457D-A089-899E5D6BC5E4}.Release|Any CPU.ActiveCfg = Release|Any CPU
		{01FA6F51-7FA1-457D-A089-899E5D6BC5E4}.Release|Any CPU.Build.0 = Release|Any CPU
	EndGlobalSection
	GlobalSection(SolutionProperties) = preSolution
		HideSolutionNode = FALSE
	EndGlobalSection
EndGlobal
